
Microsoft Visual Studio Solution File, Format Version 12.00
# Visual Studio Version 17
VisualStudioVersion = 17.4.33205.214
MinimumVisualStudioVersion = 10.0.40219.1
Project("{FAE04EC0-301F-11D3-BF4B-00C04F79EFBC}") = "lab2", "lab2.csproj", "{64830790-136C-4D6D-976E-A4ADB65B998D}"
EndProject
Project("{FAE04EC0-301F-11D3-BF4B-00C04F79EFBC}") = "RandomRusName", "..\RandomRusName\RandomRusName.csproj", "{358B2432-8558-4A1E-8DEE-79A638F68B68}"
EndProject
Global
	GlobalSection(SolutionConfigurationPlatforms) = preSolution
		Debug|Any CPU = Debug|Any CPU
		Release|Any CPU = Release|Any CPU
	EndGlobalSection
	GlobalSection(ProjectConfigurationPlatforms) = postSolution
		{64830790-136C-4D6D-976E-A4ADB65B998D}.Debug|Any CPU.ActiveCfg = Debug|Any CPU
		{64830790-136C-4D6D-976E-A4ADB65B998D}.Debug|Any CPU.Build.0 = Debug|Any CPU
		{64830790-136C-4D6D-976E-A4ADB65B998D}.Release|Any CPU.ActiveCfg = Release|Any CPU
		{64830790-136C-4D6D-976E-A4ADB65B998D}.Release|Any CPU.Build.0 = Release|Any CPU
		{358B2432-8558-4A1E-8DEE-79A638F68B68}.Debug|Any CPU.ActiveCfg = Debug|Any CPU
		{358B2432-8558-4A1E-8DEE-79A638F68B68}.Debug|Any CPU.Build.0 = Debug|Any CPU
		{358B2432-8558-4A1E-8DEE-79A638F68B68}.Release|Any CPU.ActiveCfg = Release|Any CPU
		{358B2432-8558-4A1E-8DEE-79A638F68B68}.Release|Any CPU.Build.0 = Release|Any CPU
	EndGlobalSection
	GlobalSection(SolutionProperties) = preSolution
		HideSolutionNode = FALSE
	EndGlobalSection
	GlobalSection(ExtensibilityGlobals) = postSolution
		SolutionGuid = {FC51B6B3-92C1-448A-B31B-5143511A6F51}
	EndGlobalSection
EndGlobal
